{
  "version": 4,
  "terraform_version": "1.5.0",
  "serial": 15,
  "lineage": "fc33abd0-9705-cfe0-7b94-92d8e0737d94",
  "outputs": {},
  "resources": [
    {
      "mode": "managed",
      "type": "google_container_cluster",
      "name": "my_cluster",
      "provider": "provider[\"registry.terraform.io/hashicorp/google\"]",
      "instances": [
        {
          "schema_version": 1,
          "attributes": {
            "addons_config": [
              {
                "cloudrun_config": [],
                "config_connector_config": [],
                "dns_cache_config": [],
                "gce_persistent_disk_csi_driver_config": [
                  {
                    "enabled": true
                  }
                ],
                "gcp_filestore_csi_driver_config": [],
                "gke_backup_agent_config": [],
                "horizontal_pod_autoscaling": [],
                "http_load_balancing": [],
                "network_policy_config": [
                  {
                    "disabled": true
                  }
                ]
              }
            ],
            "authenticator_groups_config": [],
            "binary_authorization": [
              {
                "enabled": false,
                "evaluation_mode": ""
              }
            ],
            "cluster_autoscaling": [
              {
                "auto_provisioning_defaults": [],
                "enabled": false,
                "resource_limits": []
              }
            ],
            "cluster_ipv4_cidr": "10.0.0.0/14",
            "confidential_nodes": [],
            "cost_management_config": [],
            "database_encryption": [
              {
                "key_name": "",
                "state": "DECRYPTED"
              }
            ],
            "datapath_provider": "",
            "default_max_pods_per_node": null,
            "default_snat_status": [
              {
                "disabled": false
              }
            ],
            "description": "",
            "dns_config": [],
            "enable_autopilot": false,
            "enable_binary_authorization": false,
            "enable_intranode_visibility": false,
            "enable_kubernetes_alpha": false,
            "enable_l4_ilb_subsetting": false,
            "enable_legacy_abac": false,
            "enable_shielded_nodes": true,
            "enable_tpu": false,
            "endpoint": "34.29.22.144",
            "gateway_api_config": [],
            "id": "projects/assignment-k8/locations/us-central1/clusters/assignment-k8",
            "initial_node_count": 1,
            "ip_allocation_policy": [],
            "label_fingerprint": "a9dc16a7",
            "location": "us-central1",
            "logging_config": [
              {
                "enable_components": [
                  "SYSTEM_COMPONENTS",
                  "WORKLOADS"
                ]
              }
            ],
            "logging_service": "logging.googleapis.com/kubernetes",
            "maintenance_policy": [],
            "master_auth": [
              {
                "client_certificate": "",
                "client_certificate_config": [
                  {
                    "issue_client_certificate": false
                  }
                ],
                "client_key": "",
                "cluster_ca_certificate": "LS0tLS1CRUdJTiBDRVJUSUZJQ0FURS0tLS0tCk1JSUVMRENDQXBTZ0F3SUJBZ0lRTFNzdURQRnZ1NTEwd2puUEk2aC82ekFOQmdrcWhraUc5dzBCQVFzRkFEQXYKTVMwd0t3WURWUVFERXlRMU9XSXdOVEF3WVMwd01HVmtMVFJpT1RBdE9HRTVZeTB5TkdGbE1tRTFOMkpoTkdFdwpJQmNOTWpNd05qRTNNakl4TkRJd1doZ1BNakExTXpBMk1Ea3lNekUwTWpCYU1DOHhMVEFyQmdOVkJBTVRKRFU1CllqQTFNREJoTFRBd1pXUXROR0k1TUMwNFlUbGpMVEkwWVdVeVlUVTNZbUUwWVRDQ0FhSXdEUVlKS29aSWh2Y04KQVFFQkJRQURnZ0dQQURDQ0FZb0NnZ0dCQU9BcXpBQmYrbmhrM2pyam9vV0F1a0JERUFSWFpvYi9kVkhUN0FXbgpqbUZHQlU3L0QzSngzcHh1cEpUWXZZSE1WR2VJWTM2NUdpL3FvZGZkdW9XRkN2THhwczFlNHRycTFneWhDY2ZpCjBvQUNzY1ZIR2ZLMEhVMDUySUZ0cjJ3eW9UYWhuYTBHcWtWUzlvd3dHanQ1a1dMQnNOU2ROekh5MnN4ZE9EU1cKZ0J2cUhtMi9xRkplalpXNE5LYXNsVFFwNkdoNnVWWWVuT2I3R2owZG5WdFVSU2V2MENXQmVvTHFhbU9TNWZ5UwpGMGJwZXVyK1JGUDVpV0VaelFNaXVBRDMra0NIYUQvZ1hqNFlpdHBtUUhOekNQZndOVHdlV0l2azNYcFRTemJICkUwMFJ5bXV2WWxHY2NxUG9KdmtnSFNQV05YVndrYjVxTVIxc0dPQjdUN3Zkckh4WEV6a1Y0ZnNTamt2N3RBUjkKZkd2d011YWNzS3Vxem12VzFDWVAzR2tQci85akNQckFvWVpuMFNxbHpTbXJjOGJqUE9XanRTRWIvUjhLSG1TaApJSFQzMGFVVUVNMUFEemhjSVU0cW9wamJBUkVQVUt3VXI0S1RQY3JVKzYzaTB0Q0g1M0ppSktGQ09GQTJoVUhiCnlxeXlqNmxhTXAxVXZDU3ZQd3FoWkxqaWRRSURBUUFCbzBJd1FEQU9CZ05WSFE4QkFmOEVCQU1DQWdRd0R3WUQKVlIwVEFRSC9CQVV3QXdFQi96QWRCZ05WSFE0RUZnUVVTeDV1ZHUrSS9NejZybDkyTURuaU9vMG5WdE13RFFZSgpLb1pJaHZjTkFRRUxCUUFEZ2dHQkFHeVl3clU5cFdyNm5MY054MTJOYkkxWWhUN2UxWnZIaFJzNVlwMjA4bDlLCm9lcWRqbGo5MXpRTjYvOVY3cE1SblRyeHFWeFFzTXRGbGIwNzhtaWFXQkkydWcyUXVGU1pSWGp2d24wTngyMFIKS3hkZlNrMno4czJhRkRXL016UzcwUzErbFV0ZjREVFJJNitlSTAxUXRYY2R2Ti9lYjk3UFJ6bCtjZGEyRE5JeQpFbGdIRUVrSVdnZDgrcnhiSE5pS2VlZXVuSkdmUmZ6R3gzSEg0cXREWmpzSmFVUS81SHhpK3Qybkk1UkFhajRUCjQvbUJCNEdjQWhHUE9oM04va1d2QlZQTzdRQXpDbWhhSENwNUs5SHQ1dHF6L0ZMR0JGeTJicmFLMkg5NVFTaXkKMS9mT2lacFlYdHBIVFU4bnkzMXltYlFzU3VIUWo5MkgrWVo3NHN3anZjaUJPWnRVMVVZcm02MW5FSmZNYUJuaQpFTmRhWjVGZUdLS1RZelg0V0Uzd2xPLzJETGZqSldMOWwxa1dzYlNKdTFkMEhMNWhNeXBVaDRITERwL0RBS3VhCmsyc3c4ZFhKaVVOS1pPR01IcGVjckV0ejQ3aVFrRjBQcHBDL0hOQTVUNm9GWHdGQkV5bVN4b2QxQytNTHJ3R0kKRVVWYXoxejBPdmRYNjlFSGNHbTBNZz09Ci0tLS0tRU5EIENFUlRJRklDQVRFLS0tLS0K"
              }
            ],
            "master_authorized_networks_config": [],
            "master_version": "1.25.8-gke.500",
            "mesh_certificates": [],
            "min_master_version": null,
            "monitoring_config": [
              {
                "enable_components": [
                  "SYSTEM_COMPONENTS"
                ],
                "managed_prometheus": []
              }
            ],
            "monitoring_service": "monitoring.googleapis.com/kubernetes",
            "name": "assignment-k8",
            "network": "projects/assignment-k8/global/networks/default",
            "network_policy": [
              {
                "enabled": false,
                "provider": "PROVIDER_UNSPECIFIED"
              }
            ],
            "networking_mode": "ROUTES",
            "node_config": [
              {
                "advanced_machine_features": [],
                "boot_disk_kms_key": "",
                "disk_size_gb": 10,
                "disk_type": "pd-balanced",
                "ephemeral_storage_local_ssd_config": [],
                "gcfs_config": [],
                "guest_accelerator": [],
                "gvnic": [],
                "image_type": "COS_CONTAINERD",
                "kubelet_config": [],
                "labels": {},
                "linux_node_config": [],
                "local_nvme_ssd_block_config": [],
                "local_ssd_count": 0,
                "logging_variant": "DEFAULT",
                "machine_type": "e2-micro",
                "metadata": {
                  "disable-legacy-endpoints": "true"
                },
                "min_cpu_platform": "",
                "node_group": "",
                "oauth_scopes": [
                  "https://www.googleapis.com/auth/cloud-platform"
                ],
                "preemptible": false,
                "reservation_affinity": [],
                "resource_labels": null,
                "service_account": "k8saccount@assignment-k8.iam.gserviceaccount.com",
                "shielded_instance_config": [
                  {
                    "enable_integrity_monitoring": true,
                    "enable_secure_boot": false
                  }
                ],
                "spot": false,
                "tags": null,
                "taint": [],
                "workload_metadata_config": []
              }
            ],
            "node_locations": [
              "us-central1-a",
              "us-central1-b",
              "us-central1-f"
            ],
            "node_pool": [
              {
                "autoscaling": [],
                "initial_node_count": 1,
                "instance_group_urls": [
                  "https://www.googleapis.com/compute/v1/projects/assignment-k8/zones/us-central1-a/instanceGroupManagers/gke-assignment-k8-default-pool-160d5abe-grp",
                  "https://www.googleapis.com/compute/v1/projects/assignment-k8/zones/us-central1-f/instanceGroupManagers/gke-assignment-k8-default-pool-7ac7991d-grp",
                  "https://www.googleapis.com/compute/v1/projects/assignment-k8/zones/us-central1-b/instanceGroupManagers/gke-assignment-k8-default-pool-638bde2c-grp"
                ],
                "managed_instance_group_urls": [
                  "https://www.googleapis.com/compute/v1/projects/assignment-k8/zones/us-central1-a/instanceGroups/gke-assignment-k8-default-pool-160d5abe-grp",
                  "https://www.googleapis.com/compute/v1/projects/assignment-k8/zones/us-central1-f/instanceGroups/gke-assignment-k8-default-pool-7ac7991d-grp",
                  "https://www.googleapis.com/compute/v1/projects/assignment-k8/zones/us-central1-b/instanceGroups/gke-assignment-k8-default-pool-638bde2c-grp"
                ],
                "management": [
                  {
                    "auto_repair": true,
                    "auto_upgrade": true
                  }
                ],
                "max_pods_per_node": 0,
                "name": "default-pool",
                "name_prefix": "",
                "network_config": [
                  {
                    "create_pod_range": false,
                    "enable_private_nodes": false,
                    "pod_cidr_overprovision_config": [],
                    "pod_ipv4_cidr_block": "",
                    "pod_range": ""
                  }
                ],
                "node_config": [
                  {
                    "advanced_machine_features": [],
                    "boot_disk_kms_key": "",
                    "disk_size_gb": 10,
                    "disk_type": "pd-balanced",
                    "ephemeral_storage_local_ssd_config": [],
                    "gcfs_config": [],
                    "guest_accelerator": [],
                    "gvnic": [],
                    "image_type": "COS_CONTAINERD",
                    "kubelet_config": [],
                    "labels": {},
                    "linux_node_config": [],
                    "local_nvme_ssd_block_config": [],
                    "local_ssd_count": 0,
                    "logging_variant": "DEFAULT",
                    "machine_type": "e2-micro",
                    "metadata": {
                      "disable-legacy-endpoints": "true"
                    },
                    "min_cpu_platform": "",
                    "node_group": "",
                    "oauth_scopes": [
                      "https://www.googleapis.com/auth/cloud-platform"
                    ],
                    "preemptible": false,
                    "reservation_affinity": [],
                    "resource_labels": {},
                    "service_account": "k8saccount@assignment-k8.iam.gserviceaccount.com",
                    "shielded_instance_config": [
                      {
                        "enable_integrity_monitoring": true,
                        "enable_secure_boot": false
                      }
                    ],
                    "spot": false,
                    "tags": [],
                    "taint": [],
                    "workload_metadata_config": []
                  }
                ],
                "node_count": 1,
                "node_locations": [
                  "us-central1-a",
                  "us-central1-b",
                  "us-central1-f"
                ],
                "placement_policy": [],
                "upgrade_settings": [
                  {
                    "blue_green_settings": [],
                    "max_surge": 1,
                    "max_unavailable": 0,
                    "strategy": "SURGE"
                  }
                ],
                "version": "1.25.8-gke.500"
              }
            ],
            "node_pool_defaults": [
              {
                "node_config_defaults": [
                  {
                    "logging_variant": "DEFAULT"
                  }
                ]
              }
            ],
            "node_version": "1.25.8-gke.500",
            "notification_config": [
              {
                "pubsub": [
                  {
                    "enabled": false,
                    "filter": [],
                    "topic": ""
                  }
                ]
              }
            ],
            "operation": null,
            "private_cluster_config": [
              {
                "enable_private_endpoint": false,
                "enable_private_nodes": false,
                "master_global_access_config": [
                  {
                    "enabled": false
                  }
                ],
                "master_ipv4_cidr_block": "",
                "peering_name": "",
                "private_endpoint": "10.128.0.37",
                "private_endpoint_subnetwork": "",
                "public_endpoint": "34.29.22.144"
              }
            ],
            "private_ipv6_google_access": "",
            "project": "assignment-k8",
            "release_channel": [
              {
                "channel": "REGULAR"
              }
            ],
            "remove_default_node_pool": null,
            "resource_labels": null,
            "resource_usage_export_config": [],
            "self_link": "https://container.googleapis.com/v1/projects/assignment-k8/locations/us-central1/clusters/assignment-k8",
            "service_external_ips_config": [
              {
                "enabled": false
              }
            ],
            "services_ipv4_cidr": "10.3.240.0/20",
            "subnetwork": "projects/assignment-k8/regions/us-central1/subnetworks/default",
            "timeouts": null,
            "tpu_ipv4_cidr_block": "",
            "vertical_pod_autoscaling": [],
            "workload_identity_config": []
          },
          "sensitive_attributes": [],
          "private": "eyJlMmJmYjczMC1lY2FhLTExZTYtOGY4OC0zNDM2M2JjN2M0YzAiOnsiY3JlYXRlIjoyNDAwMDAwMDAwMDAwLCJkZWxldGUiOjI0MDAwMDAwMDAwMDAsInJlYWQiOjI0MDAwMDAwMDAwMDAsInVwZGF0ZSI6MzYwMDAwMDAwMDAwMH0sInNjaGVtYV92ZXJzaW9uIjoiMSJ9"
        }
      ]
    }
  ],
  "check_results": null
}
