{
  "version": 4,
  "terraform_version": "1.5.0",
  "serial": 17,
  "lineage": "fc33abd0-9705-cfe0-7b94-92d8e0737d94",
  "outputs": {},
  "resources": [
    {
      "mode": "managed",
      "type": "google_container_cluster",
      "name": "my_cluster",
      "provider": "provider[\"registry.terraform.io/hashicorp/google\"]",
      "instances": [
        {
          "schema_version": 1,
          "attributes": {
            "addons_config": [
              {
                "cloudrun_config": [],
                "config_connector_config": [],
                "dns_cache_config": [],
                "gce_persistent_disk_csi_driver_config": [
                  {
                    "enabled": true
                  }
                ],
                "gcp_filestore_csi_driver_config": [],
                "gke_backup_agent_config": [],
                "horizontal_pod_autoscaling": [],
                "http_load_balancing": [],
                "network_policy_config": [
                  {
                    "disabled": true
                  }
                ]
              }
            ],
            "authenticator_groups_config": [],
            "binary_authorization": [
              {
                "enabled": false,
                "evaluation_mode": ""
              }
            ],
            "cluster_autoscaling": [
              {
                "auto_provisioning_defaults": [],
                "enabled": false,
                "resource_limits": []
              }
            ],
            "cluster_ipv4_cidr": "10.0.0.0/14",
            "confidential_nodes": [],
            "cost_management_config": [],
            "database_encryption": [
              {
                "key_name": "",
                "state": "DECRYPTED"
              }
            ],
            "datapath_provider": "",
            "default_max_pods_per_node": null,
            "default_snat_status": [
              {
                "disabled": false
              }
            ],
            "description": "",
            "dns_config": [],
            "enable_autopilot": false,
            "enable_binary_authorization": false,
            "enable_intranode_visibility": false,
            "enable_kubernetes_alpha": false,
            "enable_l4_ilb_subsetting": false,
            "enable_legacy_abac": false,
            "enable_shielded_nodes": true,
            "enable_tpu": false,
            "endpoint": "34.173.1.65",
            "gateway_api_config": [],
            "id": "projects/assignment-k8/locations/us-central1/clusters/assignment-k8",
            "initial_node_count": 1,
            "ip_allocation_policy": [],
            "label_fingerprint": "a9dc16a7",
            "location": "us-central1",
            "logging_config": [
              {
                "enable_components": [
                  "SYSTEM_COMPONENTS",
                  "WORKLOADS"
                ]
              }
            ],
            "logging_service": "logging.googleapis.com/kubernetes",
            "maintenance_policy": [],
            "master_auth": [
              {
                "client_certificate": "",
                "client_certificate_config": [
                  {
                    "issue_client_certificate": false
                  }
                ],
                "client_key": "",
                "cluster_ca_certificate": "LS0tLS1CRUdJTiBDRVJUSUZJQ0FURS0tLS0tCk1JSUVMVENDQXBXZ0F3SUJBZ0lSQUp4UUZxQnB6UTh0M0k3YkFsMWpPUlF3RFFZSktvWklodmNOQVFFTEJRQXcKTHpFdE1Dc0dBMVVFQXhNa016UTNZak0xWm1FdE1qWTBaQzAwT1dFeUxUaG1NelV0Tm1FeU5EbGtOamc1WmpVeQpNQ0FYRFRJek1EWXhPREF3TURBd01Wb1lEekl3TlRNd05qRXdNREV3TURBeFdqQXZNUzB3S3dZRFZRUURFeVF6Ck5EZGlNelZtWVMweU5qUmtMVFE1WVRJdE9HWXpOUzAyWVRJME9XUTJPRGxtTlRJd2dnR2lNQTBHQ1NxR1NJYjMKRFFFQkFRVUFBNElCandBd2dnR0tBb0lCZ1FET1M0VGlWNUVKeVRYZzdVeFJ1OTV3VnV3R09OeTRaeTdTSUR3Ngpoc1FjazBrelJCNitTblhCcHFwVmxIZjViUnVYN1ZCYjh6L2hUbEppbEZVMWlPVFZBdFlObWNuWnFIRTBRWFlGCjZhdExFZUNkRkpwY0pqdVR5dzI2ZXFCTmtJYXowYUhBd01HeXgzUTlJc2JDSnA3QUxDUXpmK2FlTHQwNVF2bTUKRkwvQkJkRWdwTGFRUUVUWENleFd6dk50TEd1T25wVHNCeGJ5U3JlSlZHdTRINTU5cSszUUdCVitmcDBTQXhEYgpkWHJuRjVHVElFSkdJNkVFTkgyWTBUSUtkRXc4Um5sVzlhblRFVURMV0xpQ2pzaDJoMXJuZEJCUWZLOUJ6ZjJYCnlJVE94MjJPUE95blJQWlAxTVczRlloRUxkbnRuTTQ3aEpBQkNWVFl0K0MyNzA5MUtYczJYeTFtU1k5c09CTloKdE03UWY4c0toNTNaTGZCU3lhVWFucW5TcG9odi9LeS9TNTZNUU8yK25YNUxPWmh4WDAvaDVOVDVyZ0kvY1dycgpXeWNKVkRuVStjMjNlZHcxTEVvQ04vSGxuWUtkaEY3QjBseU15cWxLbWlQeFg4enJ0RTlmZDBlN2tidEVTRFJRClQvSFc1U1ZOL3hPaGFVVGRkZGZHRjJwT2MvRUNBd0VBQWFOQ01FQXdEZ1lEVlIwUEFRSC9CQVFEQWdJRU1BOEcKQTFVZEV3RUIvd1FGTUFNQkFmOHdIUVlEVlIwT0JCWUVGUDk3SXlVOUNzNVNNUy9Xa3A4QXROcU4zZkdlTUEwRwpDU3FHU0liM0RRRUJDd1VBQTRJQmdRQXhWSHFPa1NyMTJtTFVsN2xrbXpJK2s4L0NGNkRvK3VDMTJCWEZlWjF6CkNYNENqUXVSRjIwK0ZPZHNrWTZIMXpoakFsSjZOc2hMWVQ4ZklRcHY2ZlhzQWJLVmNOdTBhcGtLNktCRGhITFkKNE1kMG55YUhVeGt4cENTMCsxNGp6MUF5QXBGRDk3NHlFTjl4bjcwOUxuS050TnBJcFJTbW40dzI0VnQ0b3Y0VwpoWEtMVDZqekZ1VEVad29kK1RyalRKL2toQjVvMm9UV3JMTUlTKzNSS2t6cHJEQjZIQ2hBa1Rva0p1aFJGSk1zCnk4TUcvTHZ4VVBhbER5dmxQYjRnOGRMMUFMVDFaSEE2R2tZZlNnanF5THY4emloUVEzOTdwdndFQXRhdXh0UjgKck1KRFREejVTTWMwYkRsNE5jTkJVV1h6MnZOMlYrMmtJM1pHV0dWM0FvL216b2pRUnBPZFg2Z2FIQTlSL0JXego1USt3TkJWZlpLeVEveDZmZDUwSm00bVd4bjZrSjAvZVJGSVdyM1pzSVFhdXhOd3JXSGQra1haNWVRVUptSFZaCkE2ZWpUeEJPdGxGTXVSeHZYSDNBZnNkM2ptNm5KelRBaXU1aURBY0V4R1NwMENoOEJyWE5RZ2dHeXNidjgrZ1YKUng3ajJ5Z1hoendSZ0pUL1hQYkpva1U9Ci0tLS0tRU5EIENFUlRJRklDQVRFLS0tLS0K"
              }
            ],
            "master_authorized_networks_config": [],
            "master_version": "1.25.8-gke.500",
            "mesh_certificates": [],
            "min_master_version": null,
            "monitoring_config": [
              {
                "enable_components": [
                  "SYSTEM_COMPONENTS"
                ],
                "managed_prometheus": []
              }
            ],
            "monitoring_service": "monitoring.googleapis.com/kubernetes",
            "name": "assignment-k8",
            "network": "projects/assignment-k8/global/networks/default",
            "network_policy": [
              {
                "enabled": false,
                "provider": "PROVIDER_UNSPECIFIED"
              }
            ],
            "networking_mode": "ROUTES",
            "node_config": [
              {
                "advanced_machine_features": [],
                "boot_disk_kms_key": "",
                "disk_size_gb": 10,
                "disk_type": "pd-balanced",
                "ephemeral_storage_local_ssd_config": [],
                "gcfs_config": [],
                "guest_accelerator": [],
                "gvnic": [],
                "image_type": "COS_CONTAINERD",
                "kubelet_config": [],
                "labels": {},
                "linux_node_config": [],
                "local_nvme_ssd_block_config": [],
                "local_ssd_count": 0,
                "logging_variant": "DEFAULT",
                "machine_type": "e2-micro",
                "metadata": {
                  "disable-legacy-endpoints": "true"
                },
                "min_cpu_platform": "",
                "node_group": "",
                "oauth_scopes": [
                  "https://www.googleapis.com/auth/cloud-platform"
                ],
                "preemptible": false,
                "reservation_affinity": [],
                "resource_labels": null,
                "service_account": "k8saccount@assignment-k8.iam.gserviceaccount.com",
                "shielded_instance_config": [
                  {
                    "enable_integrity_monitoring": true,
                    "enable_secure_boot": false
                  }
                ],
                "spot": false,
                "tags": null,
                "taint": [],
                "workload_metadata_config": []
              }
            ],
            "node_locations": [
              "us-central1-a",
              "us-central1-b",
              "us-central1-c"
            ],
            "node_pool": [
              {
                "autoscaling": [],
                "initial_node_count": 1,
                "instance_group_urls": [
                  "https://www.googleapis.com/compute/v1/projects/assignment-k8/zones/us-central1-b/instanceGroupManagers/gke-assignment-k8-default-pool-f3b8f075-grp",
                  "https://www.googleapis.com/compute/v1/projects/assignment-k8/zones/us-central1-a/instanceGroupManagers/gke-assignment-k8-default-pool-1b616e7a-grp",
                  "https://www.googleapis.com/compute/v1/projects/assignment-k8/zones/us-central1-c/instanceGroupManagers/gke-assignment-k8-default-pool-441c370a-grp"
                ],
                "managed_instance_group_urls": [
                  "https://www.googleapis.com/compute/v1/projects/assignment-k8/zones/us-central1-b/instanceGroups/gke-assignment-k8-default-pool-f3b8f075-grp",
                  "https://www.googleapis.com/compute/v1/projects/assignment-k8/zones/us-central1-a/instanceGroups/gke-assignment-k8-default-pool-1b616e7a-grp",
                  "https://www.googleapis.com/compute/v1/projects/assignment-k8/zones/us-central1-c/instanceGroups/gke-assignment-k8-default-pool-441c370a-grp"
                ],
                "management": [
                  {
                    "auto_repair": true,
                    "auto_upgrade": true
                  }
                ],
                "max_pods_per_node": 0,
                "name": "default-pool",
                "name_prefix": "",
                "network_config": [
                  {
                    "create_pod_range": false,
                    "enable_private_nodes": false,
                    "pod_cidr_overprovision_config": [],
                    "pod_ipv4_cidr_block": "",
                    "pod_range": ""
                  }
                ],
                "node_config": [
                  {
                    "advanced_machine_features": [],
                    "boot_disk_kms_key": "",
                    "disk_size_gb": 10,
                    "disk_type": "pd-balanced",
                    "ephemeral_storage_local_ssd_config": [],
                    "gcfs_config": [],
                    "guest_accelerator": [],
                    "gvnic": [],
                    "image_type": "COS_CONTAINERD",
                    "kubelet_config": [],
                    "labels": {},
                    "linux_node_config": [],
                    "local_nvme_ssd_block_config": [],
                    "local_ssd_count": 0,
                    "logging_variant": "DEFAULT",
                    "machine_type": "e2-micro",
                    "metadata": {
                      "disable-legacy-endpoints": "true"
                    },
                    "min_cpu_platform": "",
                    "node_group": "",
                    "oauth_scopes": [
                      "https://www.googleapis.com/auth/cloud-platform"
                    ],
                    "preemptible": false,
                    "reservation_affinity": [],
                    "resource_labels": {},
                    "service_account": "k8saccount@assignment-k8.iam.gserviceaccount.com",
                    "shielded_instance_config": [
                      {
                        "enable_integrity_monitoring": true,
                        "enable_secure_boot": false
                      }
                    ],
                    "spot": false,
                    "tags": [],
                    "taint": [],
                    "workload_metadata_config": []
                  }
                ],
                "node_count": 1,
                "node_locations": [
                  "us-central1-a",
                  "us-central1-b",
                  "us-central1-c"
                ],
                "placement_policy": [],
                "upgrade_settings": [
                  {
                    "blue_green_settings": [],
                    "max_surge": 1,
                    "max_unavailable": 0,
                    "strategy": "SURGE"
                  }
                ],
                "version": "1.25.8-gke.500"
              }
            ],
            "node_pool_defaults": [
              {
                "node_config_defaults": [
                  {
                    "logging_variant": "DEFAULT"
                  }
                ]
              }
            ],
            "node_version": "1.25.8-gke.500",
            "notification_config": [
              {
                "pubsub": [
                  {
                    "enabled": false,
                    "filter": [],
                    "topic": ""
                  }
                ]
              }
            ],
            "operation": null,
            "private_cluster_config": [
              {
                "enable_private_endpoint": false,
                "enable_private_nodes": false,
                "master_global_access_config": [
                  {
                    "enabled": false
                  }
                ],
                "master_ipv4_cidr_block": "",
                "peering_name": "",
                "private_endpoint": "10.128.0.41",
                "private_endpoint_subnetwork": "",
                "public_endpoint": "34.173.1.65"
              }
            ],
            "private_ipv6_google_access": "",
            "project": "assignment-k8",
            "release_channel": [
              {
                "channel": "REGULAR"
              }
            ],
            "remove_default_node_pool": null,
            "resource_labels": null,
            "resource_usage_export_config": [],
            "self_link": "https://container.googleapis.com/v1/projects/assignment-k8/locations/us-central1/clusters/assignment-k8",
            "service_external_ips_config": [
              {
                "enabled": false
              }
            ],
            "services_ipv4_cidr": "10.3.240.0/20",
            "subnetwork": "projects/assignment-k8/regions/us-central1/subnetworks/default",
            "timeouts": null,
            "tpu_ipv4_cidr_block": "",
            "vertical_pod_autoscaling": [],
            "workload_identity_config": []
          },
          "sensitive_attributes": [],
          "private": "eyJlMmJmYjczMC1lY2FhLTExZTYtOGY4OC0zNDM2M2JjN2M0YzAiOnsiY3JlYXRlIjoyNDAwMDAwMDAwMDAwLCJkZWxldGUiOjI0MDAwMDAwMDAwMDAsInJlYWQiOjI0MDAwMDAwMDAwMDAsInVwZGF0ZSI6MzYwMDAwMDAwMDAwMH0sInNjaGVtYV92ZXJzaW9uIjoiMSJ9"
        }
      ]
    }
  ],
  "check_results": null
}
